PODS:
  - RxBlocking (3.4.0):
    - RxSwift (~> 3.4)
  - RxCocoa (3.4.0):
    - RxSwift (~> 3.4)
  - RxSwift (3.4.0)
  - RxTest (3.4.0):
    - RxSwift (~> 3.4)
  - SwiftUtilities/Main (1.4.0):
    - RxCocoa (~> 3.0)
    - RxSwift (~> 3.0)
  - SwiftUtilitiesTests/Main (1.4.0):
    - RxBlocking (~> 3.0)
    - RxCocoa (~> 3.0)
    - RxSwift (~> 3.0)
    - RxTest (~> 3.0)

DEPENDENCIES:
  - SwiftUtilities/Main
  - SwiftUtilitiesTests/Main

SPEC CHECKSUMS:
  RxBlocking: 1797b8c1a3ad7b08965145e6e2294c2e101515aa
  RxCocoa: d14ef6b6029e1ddc6e966508c09289090de68ff9
  RxSwift: 3789a1af753002a14edecdb698a2424624296a9c
  RxTest: beb6beb882cf1dcac5fc9fdbd4760a5254e7f3a6
  SwiftUtilities: a006686fcd793e828c3130295f3f0f30409cd8d6
  SwiftUtilitiesTests: 1d56cc2d948f8a1f7329e8d5f2d318e8e86014c9

PODFILE CHECKSUM: bf10bc5e0ac4c1285357e92ed31172bfd9faacd0

COCOAPODS: 1.2.1
