PODS:
  - RxBlocking (3.4.1):
    - RxSwift (~> 3.4)
  - RxCocoa (3.4.1):
    - RxSwift (~> 3.4)
  - RxSwift (3.4.1)
  - RxTest (3.4.1):
    - RxSwift (~> 3.4)
  - SwiftUtilities/Main (1.4.0):
    - RxCocoa (~> 3.0)
    - RxSwift (~> 3.0)
  - SwiftUtilitiesTests/Main (1.4.0):
    - RxBlocking (~> 3.0)
    - RxCocoa (~> 3.0)
    - RxSwift (~> 3.0)
    - RxTest (~> 3.0)

DEPENDENCIES:
  - SwiftUtilities/Main
  - SwiftUtilitiesTests/Main

SPEC CHECKSUMS:
  RxBlocking: 1e8c41cfe7ca2fc0e19d0e616c553845c63cbbd3
  RxCocoa: a8a5f1d061d0043e28f56976829f31ce63e8eb09
  RxSwift: 656f8fbeca5bc372121a72d9ebdd3cd3bc0ffade
  RxTest: a6fd6e4069face7c6488f96f6c42296b3e44db48
  SwiftUtilities: a006686fcd793e828c3130295f3f0f30409cd8d6
  SwiftUtilitiesTests: 1d56cc2d948f8a1f7329e8d5f2d318e8e86014c9

PODFILE CHECKSUM: bf10bc5e0ac4c1285357e92ed31172bfd9faacd0

COCOAPODS: 1.2.1
